
Microsoft Visual Studio Solution File, Format Version 12.00
# Visual Studio Version 17
VisualStudioVersion = 17.8.34316.72
MinimumVisualStudioVersion = 10.0.40219.1
Project("{FAE04EC0-301F-11D3-BF4B-00C04F79EFBC}") = "FlappyBirdApp", "FlappyBirdApp.csproj", "{FAECD846-1922-49B4-B2A2-E334074AB677}"
EndProject
Project("{FAE04EC0-301F-11D3-BF4B-00C04F79EFBC}") = "FlappyBirdAppTests", "..\FlappyBirdAppTests\FlappyBirdAppTests.csproj", "{F71432FC-E986-4483-8B9B-6A8B67546AC5}"
EndProject
Global
	GlobalSection(SolutionConfigurationPlatforms) = preSolution
		Debug|Any CPU = Debug|Any CPU
		Release|Any CPU = Release|Any CPU
	EndGlobalSection
	GlobalSection(ProjectConfigurationPlatforms) = postSolution
		{FAECD846-1922-49B4-B2A2-E334074AB677}.Debug|Any CPU.ActiveCfg = Debug|Any CPU
		{FAECD846-1922-49B4-B2A2-E334074AB677}.Debug|Any CPU.Build.0 = Debug|Any CPU
		{FAECD846-1922-49B4-B2A2-E334074AB677}.Release|Any CPU.ActiveCfg = Release|Any CPU
		{FAECD846-1922-49B4-B2A2-E334074AB677}.Release|Any CPU.Build.0 = Release|Any CPU
		{F71432FC-E986-4483-8B9B-6A8B67546AC5}.Debug|Any CPU.ActiveCfg = Debug|Any CPU
		{F71432FC-E986-4483-8B9B-6A8B67546AC5}.Debug|Any CPU.Build.0 = Debug|Any CPU
		{F71432FC-E986-4483-8B9B-6A8B67546AC5}.Release|Any CPU.ActiveCfg = Release|Any CPU
		{F71432FC-E986-4483-8B9B-6A8B67546AC5}.Release|Any CPU.Build.0 = Release|Any CPU
	EndGlobalSection
	GlobalSection(SolutionProperties) = preSolution
		HideSolutionNode = FALSE
	EndGlobalSection
	GlobalSection(ExtensibilityGlobals) = postSolution
		SolutionGuid = {D2D5CE9D-E4EC-4905-904B-AF169186B110}
	EndGlobalSection
EndGlobal
